
Microsoft Visual Studio Solution File, Format Version 12.00
# Visual Studio 15
VisualStudioVersion = 15.0.27004.2005
MinimumVisualStudioVersion = 10.0.40219.1
Project("{9A19103F-16F7-4668-BE54-9A1E7A4F7556}") = "serverless.demo.vs", "serverless.demo.vs\serverless.demo.vs.csproj", "{EDDC0185-94A7-4AEC-B604-E5F05DEF9D6E}"
EndProject
Project("{9A19103F-16F7-4668-BE54-9A1E7A4F7556}") = "ImageResizeWebApp", "ImageResizeWebApp\ImageResizeWebApp\ImageResizeWebApp.csproj", "{699683CB-34CC-4CA7-AB3F-9DD9CD5D8310}"
EndProject
Global
	GlobalSection(SolutionConfigurationPlatforms) = preSolution
		Debug|Any CPU = Debug|Any CPU
		Release|Any CPU = Release|Any CPU
	EndGlobalSection
	GlobalSection(ProjectConfigurationPlatforms) = postSolution
		{EDDC0185-94A7-4AEC-B604-E5F05DEF9D6E}.Debug|Any CPU.ActiveCfg = Debug|Any CPU
		{EDDC0185-94A7-4AEC-B604-E5F05DEF9D6E}.Debug|Any CPU.Build.0 = Debug|Any CPU
		{EDDC0185-94A7-4AEC-B604-E5F05DEF9D6E}.Release|Any CPU.ActiveCfg = Release|Any CPU
		{EDDC0185-94A7-4AEC-B604-E5F05DEF9D6E}.Release|Any CPU.Build.0 = Release|Any CPU
		{699683CB-34CC-4CA7-AB3F-9DD9CD5D8310}.Debug|Any CPU.ActiveCfg = Debug|Any CPU
		{699683CB-34CC-4CA7-AB3F-9DD9CD5D8310}.Debug|Any CPU.Build.0 = Debug|Any CPU
		{699683CB-34CC-4CA7-AB3F-9DD9CD5D8310}.Release|Any CPU.ActiveCfg = Release|Any CPU
		{699683CB-34CC-4CA7-AB3F-9DD9CD5D8310}.Release|Any CPU.Build.0 = Release|Any CPU
	EndGlobalSection
	GlobalSection(SolutionProperties) = preSolution
		HideSolutionNode = FALSE
	EndGlobalSection
	GlobalSection(ExtensibilityGlobals) = postSolution
		SolutionGuid = {F3596A07-D442-4D3E-957D-5DFBF7E094E0}
	EndGlobalSection
EndGlobal
